
Microsoft Visual Studio Solution File, Format Version 12.00
# Visual Studio Version 17
VisualStudioVersion = 17.8.34408.163
MinimumVisualStudioVersion = 10.0.40219.1
Project("{FAE04EC0-301F-11D3-BF4B-00C04F79EFBC}") = "ConsoleApp2", "ConsoleApp2\ConsoleApp2.csproj", "{861C73AE-69A7-48FC-8D9F-83337E406181}"
EndProject
Project("{2150E333-8FDC-42A3-9474-1A3956D46DE8}") = "Элементы решения", "Элементы решения", "{C4603C36-30BD-4677-B16C-67CBF57F5821}"
EndProject
Global
	GlobalSection(SolutionConfigurationPlatforms) = preSolution
		Debug|Any CPU = Debug|Any CPU
		Release|Any CPU = Release|Any CPU
	EndGlobalSection
	GlobalSection(ProjectConfigurationPlatforms) = postSolution
		{861C73AE-69A7-48FC-8D9F-83337E406181}.Debug|Any CPU.ActiveCfg = Debug|Any CPU
		{861C73AE-69A7-48FC-8D9F-83337E406181}.Debug|Any CPU.Build.0 = Debug|Any CPU
		{861C73AE-69A7-48FC-8D9F-83337E406181}.Release|Any CPU.ActiveCfg = Release|Any CPU
		{861C73AE-69A7-48FC-8D9F-83337E406181}.Release|Any CPU.Build.0 = Release|Any CPU
	EndGlobalSection
	GlobalSection(SolutionProperties) = preSolution
		HideSolutionNode = FALSE
	EndGlobalSection
	GlobalSection(ExtensibilityGlobals) = postSolution
		SolutionGuid = {2D50480A-13F4-4C80-8F39-FE4837FD2990}
	EndGlobalSection
EndGlobal
